// !$*UTF8*$!
{
	archiveVersion = 1;
	classes = {
	};
	objectVersion = 46;
	objects = {

/* Begin PBXBuildFile section */
		01B42B57CABE5F133BEA974F /* Pods.framework in Frameworks */ = {isa = PBXBuildFile; fileRef = 0A18FB2F003A18102A86D54D /* Pods.framework */; };
		250A42E51D47B79E0039B834 /* NullTableViewController.swift in Sources */ = {isa = PBXBuildFile; fileRef = 250A42E41D47B79E0039B834 /* NullTableViewController.swift */; };
		251DC93D1D50BD8D00488BED /* QRCode.storyboard in Resources */ = {isa = PBXBuildFile; fileRef = 251DC93C1D50BD8D00488BED /* QRCode.storyboard */; };
		251DC93F1D50BF1200488BED /* QRCodeViewController.swift in Sources */ = {isa = PBXBuildFile; fileRef = 251DC93E1D50BF1200488BED /* QRCodeViewController.swift */; };
		2527E9171D78648C00819575 /* NewfeatureViewController.swift in Sources */ = {isa = PBXBuildFile; fileRef = 2527E9161D78648C00819575 /* NewfeatureViewController.swift */; };
		2527E9191D7864A200819575 /* Newfeature.storyboard in Resources */ = {isa = PBXBuildFile; fileRef = 2527E9181D7864A200819575 /* Newfeature.storyboard */; };
		2527E9401D7DA4B100819575 /* Status.swift in Sources */ = {isa = PBXBuildFile; fileRef = 2527E93F1D7DA4B100819575 /* Status.swift */; };
		25301DC01D4F7E3300A13446 /* PopvoerController.swift in Sources */ = {isa = PBXBuildFile; fileRef = 25301DBF1D4F7E3300A13446 /* PopvoerController.swift */; };
		25301DC21D4F91E600A13446 /* CSPresentManager.swift in Sources */ = {isa = PBXBuildFile; fileRef = 25301DC11D4F91E600A13446 /* CSPresentManager.swift */; };
		25305C7A1D75C124009325A3 /* WellcomViewController.swift in Sources */ = {isa = PBXBuildFile; fileRef = 25305C791D75C124009325A3 /* WellcomViewController.swift */; };
		25305C7C1D75C144009325A3 /* Wellcom.storyboard in Resources */ = {isa = PBXBuildFile; fileRef = 25305C7B1D75C144009325A3 /* Wellcom.storyboard */; };
		255B5BB51D46589B00B7E637 /* AppDelegate.swift in Sources */ = {isa = PBXBuildFile; fileRef = 255B5BB41D46589B00B7E637 /* AppDelegate.swift */; };
		255B5BBC1D46589B00B7E637 /* Assets.xcassets in Resources */ = {isa = PBXBuildFile; fileRef = 255B5BBB1D46589B00B7E637 /* Assets.xcassets */; };
		255B5BBF1D46589B00B7E637 /* LaunchScreen.storyboard in Resources */ = {isa = PBXBuildFile; fileRef = 255B5BBD1D46589B00B7E637 /* LaunchScreen.storyboard */; };
		255B5BCA1D46589B00B7E637 /* WeiBoTests.swift in Sources */ = {isa = PBXBuildFile; fileRef = 255B5BC91D46589B00B7E637 /* WeiBoTests.swift */; };
		255B5BD51D46589B00B7E637 /* WeiBoUITests.swift in Sources */ = {isa = PBXBuildFile; fileRef = 255B5BD41D46589B00B7E637 /* WeiBoUITests.swift */; };
		255B5D691D4789A600B7E637 /* MainViewController.swift in Sources */ = {isa = PBXBuildFile; fileRef = 255B5D681D4789A600B7E637 /* MainViewController.swift */; };
		255B5D6B1D4789BE00B7E637 /* HomeTableViewController.swift in Sources */ = {isa = PBXBuildFile; fileRef = 255B5D6A1D4789BE00B7E637 /* HomeTableViewController.swift */; };
		255B5D6D1D4789DC00B7E637 /* ComposeTableViewController.swift in Sources */ = {isa = PBXBuildFile; fileRef = 255B5D6C1D4789DC00B7E637 /* ComposeTableViewController.swift */; };
		255B5D6F1D4789E700B7E637 /* DiscoverTableViewController.swift in Sources */ = {isa = PBXBuildFile; fileRef = 255B5D6E1D4789E700B7E637 /* DiscoverTableViewController.swift */; };
		255B5D711D4789F300B7E637 /* MessageTableViewController.swift in Sources */ = {isa = PBXBuildFile; fileRef = 255B5D701D4789F300B7E637 /* MessageTableViewController.swift */; };
		255B5D731D4789FD00B7E637 /* ProfileTableViewController.swift in Sources */ = {isa = PBXBuildFile; fileRef = 255B5D721D4789FD00B7E637 /* ProfileTableViewController.swift */; };
		256979CF1D4DDD2E00F78553 /* Reveal.framework in Frameworks */ = {isa = PBXBuildFile; fileRef = 256979CE1D4DDD2E00F78553 /* Reveal.framework */; };
		256979D21D4DDDE400F78553 /* libz.tbd in Frameworks */ = {isa = PBXBuildFile; fileRef = 256979D11D4DDDE400F78553 /* libz.tbd */; };
		256979D41D4DDFBD00F78553 /* Extension.swift in Sources */ = {isa = PBXBuildFile; fileRef = 256979D31D4DDFBD00F78553 /* Extension.swift */; };
		256979D81D4DE3C000F78553 /* TitleButton.swift in Sources */ = {isa = PBXBuildFile; fileRef = 256979D71D4DE3C000F78553 /* TitleButton.swift */; };
		256979DB1D4E33F300F78553 /* popover.storyboard in Resources */ = {isa = PBXBuildFile; fileRef = 256979DA1D4E33F300F78553 /* popover.storyboard */; };
		256979DD1D4E384B00F78553 /* CSPresentationController.swift in Sources */ = {isa = PBXBuildFile; fileRef = 256979DC1D4E384B00F78553 /* CSPresentationController.swift */; };
		256E106C1D4A4465003B07E3 /* UIButton+Extension.swift in Sources */ = {isa = PBXBuildFile; fileRef = 256E106B1D4A4465003B07E3 /* UIButton+Extension.swift */; };
		256E106E1D4C7800003B07E3 /* Main.storyboard in Resources */ = {isa = PBXBuildFile; fileRef = 256E106D1D4C7800003B07E3 /* Main.storyboard */; };
		256E10701D4C7B41003B07E3 /* Home.storyboard in Resources */ = {isa = PBXBuildFile; fileRef = 256E106F1D4C7B41003B07E3 /* Home.storyboard */; };
		256E10721D4C7B59003B07E3 /* Message.storyboard in Resources */ = {isa = PBXBuildFile; fileRef = 256E10711D4C7B59003B07E3 /* Message.storyboard */; };
		256E10741D4C7B6D003B07E3 /* Discover.storyboard in Resources */ = {isa = PBXBuildFile; fileRef = 256E10731D4C7B6D003B07E3 /* Discover.storyboard */; };
		256E10761D4C7B7E003B07E3 /* Profile.storyboard in Resources */ = {isa = PBXBuildFile; fileRef = 256E10751D4C7B7D003B07E3 /* Profile.storyboard */; };
		256E10781D4C7E1A003B07E3 /* Null.storyboard in Resources */ = {isa = PBXBuildFile; fileRef = 256E10771D4C7E1A003B07E3 /* Null.storyboard */; };
		256E107A1D4C802D003B07E3 /* BaseTableViewController.swift in Sources */ = {isa = PBXBuildFile; fileRef = 256E10791D4C802D003B07E3 /* BaseTableViewController.swift */; };
		256E107C1D4C81E9003B07E3 /* VisitorView.swift in Sources */ = {isa = PBXBuildFile; fileRef = 256E107B1D4C81E9003B07E3 /* VisitorView.swift */; };
		256E107E1D4C81FD003B07E3 /* VisitorView.xib in Resources */ = {isa = PBXBuildFile; fileRef = 256E107D1D4C81FD003B07E3 /* VisitorView.xib */; };
		25C182051D54C97C00D3B2AF /* QRCodeCreateViewController.swift in Sources */ = {isa = PBXBuildFile; fileRef = 25C182041D54C97C00D3B2AF /* QRCodeCreateViewController.swift */; };
		25DF93751D57001A001A559F /* OAuthViewController.swift in Sources */ = {isa = PBXBuildFile; fileRef = 25DF93741D57001A001A559F /* OAuthViewController.swift */; };
		25DF93771D570040001A559F /* OAuth.storyboard in Resources */ = {isa = PBXBuildFile; fileRef = 25DF93761D570040001A559F /* OAuth.storyboard */; };
		25DF938E1D5709F3001A559F /* NetworkTool.swift in Sources */ = {isa = PBXBuildFile; fileRef = 25DF938D1D5709F3001A559F /* NetworkTool.swift */; };
		25DF93901D571CC7001A559F /* UserAccountModel.swift in Sources */ = {isa = PBXBuildFile; fileRef = 25DF938F1D571CC7001A559F /* UserAccountModel.swift */; };
/* End PBXBuildFile section */

/* Begin PBXContainerItemProxy section */
		255B5BC61D46589B00B7E637 /* PBXContainerItemProxy */ = {
			isa = PBXContainerItemProxy;
			containerPortal = 255B5BA91D46589B00B7E637 /* Project object */;
			proxyType = 1;
			remoteGlobalIDString = 255B5BB01D46589B00B7E637;
			remoteInfo = WeiBo;
		};
		255B5BD11D46589B00B7E637 /* PBXContainerItemProxy */ = {
			isa = PBXContainerItemProxy;
			containerPortal = 255B5BA91D46589B00B7E637 /* Project object */;
			proxyType = 1;
			remoteGlobalIDString = 255B5BB01D46589B00B7E637;
			remoteInfo = WeiBo;
		};
/* End PBXContainerItemProxy section */

/* Begin PBXFileReference section */
		0A18FB2F003A18102A86D54D /* Pods.framework */ = {isa = PBXFileReference; explicitFileType = wrapper.framework; includeInIndex = 0; path = Pods.framework; sourceTree = BUILT_PRODUCTS_DIR; };
		250A42E41D47B79E0039B834 /* NullTableViewController.swift */ = {isa = PBXFileReference; fileEncoding = 4; lastKnownFileType = sourcecode.swift; path = NullTableViewController.swift; sourceTree = "<group>"; };
		251DC93C1D50BD8D00488BED /* QRCode.storyboard */ = {isa = PBXFileReference; fileEncoding = 4; lastKnownFileType = file.storyboard; path = QRCode.storyboard; sourceTree = "<group>"; };
		251DC93E1D50BF1200488BED /* QRCodeViewController.swift */ = {isa = PBXFileReference; fileEncoding = 4; lastKnownFileType = sourcecode.swift; path = QRCodeViewController.swift; sourceTree = "<group>"; };
		2527E9161D78648C00819575 /* NewfeatureViewController.swift */ = {isa = PBXFileReference; fileEncoding = 4; lastKnownFileType = sourcecode.swift; path = NewfeatureViewController.swift; sourceTree = "<group>"; };
		2527E9181D7864A200819575 /* Newfeature.storyboard */ = {isa = PBXFileReference; fileEncoding = 4; lastKnownFileType = file.storyboard; path = Newfeature.storyboard; sourceTree = "<group>"; };
		2527E93F1D7DA4B100819575 /* Status.swift */ = {isa = PBXFileReference; fileEncoding = 4; lastKnownFileType = sourcecode.swift; path = Status.swift; sourceTree = "<group>"; };
		25301DBF1D4F7E3300A13446 /* PopvoerController.swift */ = {isa = PBXFileReference; fileEncoding = 4; lastKnownFileType = sourcecode.swift; path = PopvoerController.swift; sourceTree = "<group>"; };
		25301DC11D4F91E600A13446 /* CSPresentManager.swift */ = {isa = PBXFileReference; fileEncoding = 4; lastKnownFileType = sourcecode.swift; path = CSPresentManager.swift; sourceTree = "<group>"; };
		25305C791D75C124009325A3 /* WellcomViewController.swift */ = {isa = PBXFileReference; fileEncoding = 4; lastKnownFileType = sourcecode.swift; path = WellcomViewController.swift; sourceTree = "<group>"; };
		25305C7B1D75C144009325A3 /* Wellcom.storyboard */ = {isa = PBXFileReference; fileEncoding = 4; lastKnownFileType = file.storyboard; path = Wellcom.storyboard; sourceTree = "<group>"; };
		255B5BB11D46589B00B7E637 /* WeiBo.app */ = {isa = PBXFileReference; explicitFileType = wrapper.application; includeInIndex = 0; path = WeiBo.app; sourceTree = BUILT_PRODUCTS_DIR; };
		255B5BB41D46589B00B7E637 /* AppDelegate.swift */ = {isa = PBXFileReference; lastKnownFileType = sourcecode.swift; path = AppDelegate.swift; sourceTree = "<group>"; };
		255B5BBB1D46589B00B7E637 /* Assets.xcassets */ = {isa = PBXFileReference; lastKnownFileType = folder.assetcatalog; path = Assets.xcassets; sourceTree = "<group>"; };
		255B5BBE1D46589B00B7E637 /* Base */ = {isa = PBXFileReference; lastKnownFileType = file.storyboard; name = Base; path = Base.lproj/LaunchScreen.storyboard; sourceTree = "<group>"; };
		255B5BC01D46589B00B7E637 /* Info.plist */ = {isa = PBXFileReference; lastKnownFileType = text.plist.xml; path = Info.plist; sourceTree = "<group>"; };
		255B5BC51D46589B00B7E637 /* WeiBoTests.xctest */ = {isa = PBXFileReference; explicitFileType = wrapper.cfbundle; includeInIndex = 0; path = WeiBoTests.xctest; sourceTree = BUILT_PRODUCTS_DIR; };
		255B5BC91D46589B00B7E637 /* WeiBoTests.swift */ = {isa = PBXFileReference; lastKnownFileType = sourcecode.swift; path = WeiBoTests.swift; sourceTree = "<group>"; };
		255B5BCB1D46589B00B7E637 /* Info.plist */ = {isa = PBXFileReference; lastKnownFileType = text.plist.xml; path = Info.plist; sourceTree = "<group>"; };
		255B5BD01D46589B00B7E637 /* WeiBoUITests.xctest */ = {isa = PBXFileReference; explicitFileType = wrapper.cfbundle; includeInIndex = 0; path = WeiBoUITests.xctest; sourceTree = BUILT_PRODUCTS_DIR; };
		255B5BD41D46589B00B7E637 /* WeiBoUITests.swift */ = {isa = PBXFileReference; lastKnownFileType = sourcecode.swift; path = WeiBoUITests.swift; sourceTree = "<group>"; };
		255B5BD61D46589B00B7E637 /* Info.plist */ = {isa = PBXFileReference; lastKnownFileType = text.plist.xml; path = Info.plist; sourceTree = "<group>"; };
		255B5D681D4789A600B7E637 /* MainViewController.swift */ = {isa = PBXFileReference; fileEncoding = 4; lastKnownFileType = sourcecode.swift; path = MainViewController.swift; sourceTree = "<group>"; };
		255B5D6A1D4789BE00B7E637 /* HomeTableViewController.swift */ = {isa = PBXFileReference; fileEncoding = 4; lastKnownFileType = sourcecode.swift; path = HomeTableViewController.swift; sourceTree = "<group>"; };
		255B5D6C1D4789DC00B7E637 /* ComposeTableViewController.swift */ = {isa = PBXFileReference; fileEncoding = 4; lastKnownFileType = sourcecode.swift; path = ComposeTableViewController.swift; sourceTree = "<group>"; };
		255B5D6E1D4789E700B7E637 /* DiscoverTableViewController.swift */ = {isa = PBXFileReference; fileEncoding = 4; lastKnownFileType = sourcecode.swift; path = DiscoverTableViewController.swift; sourceTree = "<group>"; };
		255B5D701D4789F300B7E637 /* MessageTableViewController.swift */ = {isa = PBXFileReference; fileEncoding = 4; lastKnownFileType = sourcecode.swift; path = MessageTableViewController.swift; sourceTree = "<group>"; };
		255B5D721D4789FD00B7E637 /* ProfileTableViewController.swift */ = {isa = PBXFileReference; fileEncoding = 4; lastKnownFileType = sourcecode.swift; path = ProfileTableViewController.swift; sourceTree = "<group>"; };
		256979CE1D4DDD2E00F78553 /* Reveal.framework */ = {isa = PBXFileReference; lastKnownFileType = wrapper.framework; path = Reveal.framework; sourceTree = "<group>"; };
		256979D11D4DDDE400F78553 /* libz.tbd */ = {isa = PBXFileReference; lastKnownFileType = "sourcecode.text-based-dylib-definition"; name = libz.tbd; path = usr/lib/libz.tbd; sourceTree = SDKROOT; };
		256979D31D4DDFBD00F78553 /* Extension.swift */ = {isa = PBXFileReference; fileEncoding = 4; lastKnownFileType = sourcecode.swift; path = Extension.swift; sourceTree = "<group>"; };
		256979D71D4DE3C000F78553 /* TitleButton.swift */ = {isa = PBXFileReference; fileEncoding = 4; lastKnownFileType = sourcecode.swift; path = TitleButton.swift; sourceTree = "<group>"; };
		256979DA1D4E33F300F78553 /* popover.storyboard */ = {isa = PBXFileReference; fileEncoding = 4; lastKnownFileType = file.storyboard; path = popover.storyboard; sourceTree = "<group>"; };
		256979DC1D4E384B00F78553 /* CSPresentationController.swift */ = {isa = PBXFileReference; fileEncoding = 4; lastKnownFileType = sourcecode.swift; path = CSPresentationController.swift; sourceTree = "<group>"; };
		256E106B1D4A4465003B07E3 /* UIButton+Extension.swift */ = {isa = PBXFileReference; fileEncoding = 4; lastKnownFileType = sourcecode.swift; path = "UIButton+Extension.swift"; sourceTree = "<group>"; };
		256E106D1D4C7800003B07E3 /* Main.storyboard */ = {isa = PBXFileReference; fileEncoding = 4; lastKnownFileType = file.storyboard; path = Main.storyboard; sourceTree = "<group>"; };
		256E106F1D4C7B41003B07E3 /* Home.storyboard */ = {isa = PBXFileReference; fileEncoding = 4; lastKnownFileType = file.storyboard; name = Home.storyboard; path = ../Main/Home.storyboard; sourceTree = "<group>"; };
		256E10711D4C7B59003B07E3 /* Message.storyboard */ = {isa = PBXFileReference; fileEncoding = 4; lastKnownFileType = file.storyboard; name = Message.storyboard; path = ../Main/Message.storyboard; sourceTree = "<group>"; };
		256E10731D4C7B6D003B07E3 /* Discover.storyboard */ = {isa = PBXFileReference; fileEncoding = 4; lastKnownFileType = file.storyboard; name = Discover.storyboard; path = ../Main/Discover.storyboard; sourceTree = "<group>"; };
		256E10751D4C7B7D003B07E3 /* Profile.storyboard */ = {isa = PBXFileReference; fileEncoding = 4; lastKnownFileType = file.storyboard; name = Profile.storyboard; path = ../Main/Profile.storyboard; sourceTree = "<group>"; };
		256E10771D4C7E1A003B07E3 /* Null.storyboard */ = {isa = PBXFileReference; fileEncoding = 4; lastKnownFileType = file.storyboard; name = Null.storyboard; path = ../Main/Null.storyboard; sourceTree = "<group>"; };
		256E10791D4C802D003B07E3 /* BaseTableViewController.swift */ = {isa = PBXFileReference; fileEncoding = 4; lastKnownFileType = sourcecode.swift; path = BaseTableViewController.swift; sourceTree = "<group>"; };
		256E107B1D4C81E9003B07E3 /* VisitorView.swift */ = {isa = PBXFileReference; fileEncoding = 4; lastKnownFileType = sourcecode.swift; path = VisitorView.swift; sourceTree = "<group>"; };
		256E107D1D4C81FD003B07E3 /* VisitorView.xib */ = {isa = PBXFileReference; fileEncoding = 4; lastKnownFileType = file.xib; path = VisitorView.xib; sourceTree = "<group>"; };
		25C182041D54C97C00D3B2AF /* QRCodeCreateViewController.swift */ = {isa = PBXFileReference; fileEncoding = 4; lastKnownFileType = sourcecode.swift; path = QRCodeCreateViewController.swift; sourceTree = "<group>"; };
		25DF93741D57001A001A559F /* OAuthViewController.swift */ = {isa = PBXFileReference; fileEncoding = 4; lastKnownFileType = sourcecode.swift; path = OAuthViewController.swift; sourceTree = "<group>"; };
		25DF93761D570040001A559F /* OAuth.storyboard */ = {isa = PBXFileReference; fileEncoding = 4; lastKnownFileType = file.storyboard; path = OAuth.storyboard; sourceTree = "<group>"; };
		25DF938D1D5709F3001A559F /* NetworkTool.swift */ = {isa = PBXFileReference; fileEncoding = 4; lastKnownFileType = sourcecode.swift; path = NetworkTool.swift; sourceTree = "<group>"; };
		25DF938F1D571CC7001A559F /* UserAccountModel.swift */ = {isa = PBXFileReference; fileEncoding = 4; lastKnownFileType = sourcecode.swift; path = UserAccountModel.swift; sourceTree = "<group>"; };
		2DED9F409B705552C8D11DC2 /* Pods.release.xcconfig */ = {isa = PBXFileReference; includeInIndex = 1; lastKnownFileType = text.xcconfig; name = Pods.release.xcconfig; path = "Pods/Target Support Files/Pods/Pods.release.xcconfig"; sourceTree = "<group>"; };
		CC7B5FF4FC96C183AC61BDDF /* Pods.debug.xcconfig */ = {isa = PBXFileReference; includeInIndex = 1; lastKnownFileType = text.xcconfig; name = Pods.debug.xcconfig; path = "Pods/Target Support Files/Pods/Pods.debug.xcconfig"; sourceTree = "<group>"; };
/* End PBXFileReference section */

/* Begin PBXFrameworksBuildPhase section */
		255B5BAE1D46589B00B7E637 /* Frameworks */ = {
			isa = PBXFrameworksBuildPhase;
			buildActionMask = 2147483647;
			files = (
				256979D21D4DDDE400F78553 /* libz.tbd in Frameworks */,
				256979CF1D4DDD2E00F78553 /* Reveal.framework in Frameworks */,
				01B42B57CABE5F133BEA974F /* Pods.framework in Frameworks */,
			);
			runOnlyForDeploymentPostprocessing = 0;
		};
		255B5BC21D46589B00B7E637 /* Frameworks */ = {
			isa = PBXFrameworksBuildPhase;
			buildActionMask = 2147483647;
			files = (
			);
			runOnlyForDeploymentPostprocessing = 0;
		};
		255B5BCD1D46589B00B7E637 /* Frameworks */ = {
			isa = PBXFrameworksBuildPhase;
			buildActionMask = 2147483647;
			files = (
			);
			runOnlyForDeploymentPostprocessing = 0;
		};
/* End PBXFrameworksBuildPhase section */

/* Begin PBXGroup section */
		251DC93B1D50BD6F00488BED /* QRCode */ = {
			isa = PBXGroup;
			children = (
				251DC93C1D50BD8D00488BED /* QRCode.storyboard */,
				251DC93E1D50BF1200488BED /* QRCodeViewController.swift */,
				25C182041D54C97C00D3B2AF /* QRCodeCreateViewController.swift */,
			);
			name = QRCode;
			sourceTree = "<group>";
		};
		2527E93E1D7DA48000819575 /* Model */ = {
			isa = PBXGroup;
			children = (
				2527E93F1D7DA4B100819575 /* Status.swift */,
			);
			name = Model;
			sourceTree = "<group>";
		};
		25305C781D75C104009325A3 /* Newfeafure */ = {
			isa = PBXGroup;
			children = (
				25305C791D75C124009325A3 /* WellcomViewController.swift */,
				25305C7B1D75C144009325A3 /* Wellcom.storyboard */,
				2527E9161D78648C00819575 /* NewfeatureViewController.swift */,
				2527E9181D7864A200819575 /* Newfeature.storyboard */,
			);
			name = Newfeafure;
			sourceTree = "<group>";
		};
		255B5BA81D46589B00B7E637 = {
			isa = PBXGroup;
			children = (
				256979D11D4DDDE400F78553 /* libz.tbd */,
				255B5BB31D46589B00B7E637 /* WeiBo */,
				255B5BC81D46589B00B7E637 /* WeiBoTests */,
				255B5BD31D46589B00B7E637 /* WeiBoUITests */,
				255B5BB21D46589B00B7E637 /* Products */,
				41F385E22CCC46B6F2E1D720 /* Pods */,
				DE039434D7EDC51AA81F50B1 /* Frameworks */,
			);
			sourceTree = "<group>";
		};
		255B5BB21D46589B00B7E637 /* Products */ = {
			isa = PBXGroup;
			children = (
				255B5BB11D46589B00B7E637 /* WeiBo.app */,
				255B5BC51D46589B00B7E637 /* WeiBoTests.xctest */,
				255B5BD01D46589B00B7E637 /* WeiBoUITests.xctest */,
			);
			name = Products;
			sourceTree = "<group>";
		};
		255B5BB31D46589B00B7E637 /* WeiBo */ = {
			isa = PBXGroup;
			children = (
				255B5D601D47891D00B7E637 /* Classes */,
				255B5BB41D46589B00B7E637 /* AppDelegate.swift */,
				255B5BBB1D46589B00B7E637 /* Assets.xcassets */,
				255B5BBD1D46589B00B7E637 /* LaunchScreen.storyboard */,
				255B5BC01D46589B00B7E637 /* Info.plist */,
			);
			path = WeiBo;
			sourceTree = "<group>";
		};
		255B5BC81D46589B00B7E637 /* WeiBoTests */ = {
			isa = PBXGroup;
			children = (
				255B5BC91D46589B00B7E637 /* WeiBoTests.swift */,
				255B5BCB1D46589B00B7E637 /* Info.plist */,
			);
			path = WeiBoTests;
			sourceTree = "<group>";
		};
		255B5BD31D46589B00B7E637 /* WeiBoUITests */ = {
			isa = PBXGroup;
			children = (
				255B5BD41D46589B00B7E637 /* WeiBoUITests.swift */,
				255B5BD61D46589B00B7E637 /* Info.plist */,
			);
			path = WeiBoUITests;
			sourceTree = "<group>";
		};
		255B5D601D47891D00B7E637 /* Classes */ = {
			isa = PBXGroup;
			children = (
				25305C781D75C104009325A3 /* Newfeafure */,
				25DF93781D570976001A559F /* Depandens */,
				25DF93731D56FFDC001A559F /* OAuth */,
				256979D01D4DDD3100F78553 /* Framework */,
				255B5D611D47891D00B7E637 /* Compose */,
				255B5D621D47891D00B7E637 /* Discover */,
				255B5D631D47891D00B7E637 /* Home */,
				255B5D641D47891D00B7E637 /* Main */,
				255B5D651D47891D00B7E637 /* Message */,
				255B5D661D47891D00B7E637 /* Profile */,
				255B5D671D47891D00B7E637 /* Tools */,
			);
			path = Classes;
			sourceTree = "<group>";
		};
		255B5D611D47891D00B7E637 /* Compose */ = {
			isa = PBXGroup;
			children = (
				256E10771D4C7E1A003B07E3 /* Null.storyboard */,
				255B5D6C1D4789DC00B7E637 /* ComposeTableViewController.swift */,
				250A42E41D47B79E0039B834 /* NullTableViewController.swift */,
			);
			path = Compose;
			sourceTree = "<group>";
		};
		255B5D621D47891D00B7E637 /* Discover */ = {
			isa = PBXGroup;
			children = (
				256E10731D4C7B6D003B07E3 /* Discover.storyboard */,
				255B5D6E1D4789E700B7E637 /* DiscoverTableViewController.swift */,
			);
			path = Discover;
			sourceTree = "<group>";
		};
		255B5D631D47891D00B7E637 /* Home */ = {
			isa = PBXGroup;
			children = (
				2527E93E1D7DA48000819575 /* Model */,
				251DC93B1D50BD6F00488BED /* QRCode */,
				256979D91D4E33D900F78553 /* Popover */,
				256E106F1D4C7B41003B07E3 /* Home.storyboard */,
				255B5D6A1D4789BE00B7E637 /* HomeTableViewController.swift */,
			);
			path = Home;
			sourceTree = "<group>";
		};
		255B5D641D47891D00B7E637 /* Main */ = {
			isa = PBXGroup;
			children = (
				255B5D681D4789A600B7E637 /* MainViewController.swift */,
				256E106D1D4C7800003B07E3 /* Main.storyboard */,
				256E10791D4C802D003B07E3 /* BaseTableViewController.swift */,
				256E107B1D4C81E9003B07E3 /* VisitorView.swift */,
				256E107D1D4C81FD003B07E3 /* VisitorView.xib */,
			);
			path = Main;
			sourceTree = "<group>";
		};
		255B5D651D47891D00B7E637 /* Message */ = {
			isa = PBXGroup;
			children = (
				256E10711D4C7B59003B07E3 /* Message.storyboard */,
				255B5D701D4789F300B7E637 /* MessageTableViewController.swift */,
			);
			path = Message;
			sourceTree = "<group>";
		};
		255B5D661D47891D00B7E637 /* Profile */ = {
			isa = PBXGroup;
			children = (
				256E10751D4C7B7D003B07E3 /* Profile.storyboard */,
				255B5D721D4789FD00B7E637 /* ProfileTableViewController.swift */,
			);
			path = Profile;
			sourceTree = "<group>";
		};
		255B5D671D47891D00B7E637 /* Tools */ = {
			isa = PBXGroup;
			children = (
				256E106B1D4A4465003B07E3 /* UIButton+Extension.swift */,
				256979D31D4DDFBD00F78553 /* Extension.swift */,
				256979D71D4DE3C000F78553 /* TitleButton.swift */,
				25DF938D1D5709F3001A559F /* NetworkTool.swift */,
			);
			path = Tools;
			sourceTree = "<group>";
		};
		256979D01D4DDD3100F78553 /* Framework */ = {
			isa = PBXGroup;
			children = (
				256979CE1D4DDD2E00F78553 /* Reveal.framework */,
			);
			name = Framework;
			sourceTree = "<group>";
		};
		256979D91D4E33D900F78553 /* Popover */ = {
			isa = PBXGroup;
			children = (
				256979DA1D4E33F300F78553 /* popover.storyboard */,
				256979DC1D4E384B00F78553 /* CSPresentationController.swift */,
				25301DBF1D4F7E3300A13446 /* PopvoerController.swift */,
				25301DC11D4F91E600A13446 /* CSPresentManager.swift */,
			);
			name = Popover;
			sourceTree = "<group>";
		};
		25DF93731D56FFDC001A559F /* OAuth */ = {
			isa = PBXGroup;
			children = (
				25DF93741D57001A001A559F /* OAuthViewController.swift */,
				25DF93761D570040001A559F /* OAuth.storyboard */,
				25DF938F1D571CC7001A559F /* UserAccountModel.swift */,
			);
			path = OAuth;
			sourceTree = "<group>";
		};
		25DF93781D570976001A559F /* Depandens */ = {
			isa = PBXGroup;
			children = (
			);
			path = Depandens;
			sourceTree = "<group>";
		};
		41F385E22CCC46B6F2E1D720 /* Pods */ = {
			isa = PBXGroup;
			children = (
				CC7B5FF4FC96C183AC61BDDF /* Pods.debug.xcconfig */,
				2DED9F409B705552C8D11DC2 /* Pods.release.xcconfig */,
			);
			name = Pods;
			sourceTree = "<group>";
		};
		DE039434D7EDC51AA81F50B1 /* Frameworks */ = {
			isa = PBXGroup;
			children = (
				0A18FB2F003A18102A86D54D /* Pods.framework */,
			);
			name = Frameworks;
			sourceTree = "<group>";
		};
/* End PBXGroup section */

/* Begin PBXNativeTarget section */
		255B5BB01D46589B00B7E637 /* WeiBo */ = {
			isa = PBXNativeTarget;
			buildConfigurationList = 255B5BD91D46589B00B7E637 /* Build configuration list for PBXNativeTarget "WeiBo" */;
			buildPhases = (
				67D3197B8AA15375E004A956 /* Check Pods Manifest.lock */,
				255B5BAD1D46589B00B7E637 /* Sources */,
				255B5BAE1D46589B00B7E637 /* Frameworks */,
				255B5BAF1D46589B00B7E637 /* Resources */,
				ED4ADFFE8CA6E75B33894866 /* Embed Pods Frameworks */,
				577FFBD4708F7A326C8CD456 /* Copy Pods Resources */,
			);
			buildRules = (
			);
			dependencies = (
			);
			name = WeiBo;
			productName = WeiBo;
			productReference = 255B5BB11D46589B00B7E637 /* WeiBo.app */;
			productType = "com.apple.product-type.application";
		};
		255B5BC41D46589B00B7E637 /* WeiBoTests */ = {
			isa = PBXNativeTarget;
			buildConfigurationList = 255B5BDC1D46589B00B7E637 /* Build configuration list for PBXNativeTarget "WeiBoTests" */;
			buildPhases = (
				255B5BC11D46589B00B7E637 /* Sources */,
				255B5BC21D46589B00B7E637 /* Frameworks */,
				255B5BC31D46589B00B7E637 /* Resources */,
			);
			buildRules = (
			);
			dependencies = (
				255B5BC71D46589B00B7E637 /* PBXTargetDependency */,
			);
			name = WeiBoTests;
			productName = WeiBoTests;
			productReference = 255B5BC51D46589B00B7E637 /* WeiBoTests.xctest */;
			productType = "com.apple.product-type.bundle.unit-test";
		};
		255B5BCF1D46589B00B7E637 /* WeiBoUITests */ = {
			isa = PBXNativeTarget;
			buildConfigurationList = 255B5BDF1D46589B00B7E637 /* Build configuration list for PBXNativeTarget "WeiBoUITests" */;
			buildPhases = (
				255B5BCC1D46589B00B7E637 /* Sources */,
				255B5BCD1D46589B00B7E637 /* Frameworks */,
				255B5BCE1D46589B00B7E637 /* Resources */,
			);
			buildRules = (
			);
			dependencies = (
				255B5BD21D46589B00B7E637 /* PBXTargetDependency */,
			);
			name = WeiBoUITests;
			productName = WeiBoUITests;
			productReference = 255B5BD01D46589B00B7E637 /* WeiBoUITests.xctest */;
			productType = "com.apple.product-type.bundle.ui-testing";
		};
/* End PBXNativeTarget section */

/* Begin PBXProject section */
		255B5BA91D46589B00B7E637 /* Project object */ = {
			isa = PBXProject;
			attributes = {
				LastSwiftUpdateCheck = 0720;
				LastUpgradeCheck = 0720;
				ORGANIZATIONNAME = sdd;
				TargetAttributes = {
					255B5BB01D46589B00B7E637 = {
						CreatedOnToolsVersion = 7.2;
						DevelopmentTeam = 3AN83G7WRR;
					};
					255B5BC41D46589B00B7E637 = {
						CreatedOnToolsVersion = 7.2;
						TestTargetID = 255B5BB01D46589B00B7E637;
					};
					255B5BCF1D46589B00B7E637 = {
						CreatedOnToolsVersion = 7.2;
						TestTargetID = 255B5BB01D46589B00B7E637;
					};
				};
			};
			buildConfigurationList = 255B5BAC1D46589B00B7E637 /* Build configuration list for PBXProject "WeiBo" */;
			compatibilityVersion = "Xcode 3.2";
			developmentRegion = English;
			hasScannedForEncodings = 0;
			knownRegions = (
				en,
				Base,
			);
			mainGroup = 255B5BA81D46589B00B7E637;
			productRefGroup = 255B5BB21D46589B00B7E637 /* Products */;
			projectDirPath = "";
			projectRoot = "";
			targets = (
				255B5BB01D46589B00B7E637 /* WeiBo */,
				255B5BC41D46589B00B7E637 /* WeiBoTests */,
				255B5BCF1D46589B00B7E637 /* WeiBoUITests */,
			);
		};
/* End PBXProject section */

/* Begin PBXResourcesBuildPhase section */
		255B5BAF1D46589B00B7E637 /* Resources */ = {
			isa = PBXResourcesBuildPhase;
			buildActionMask = 2147483647;
			files = (
				256E106E1D4C7800003B07E3 /* Main.storyboard in Resources */,
				256E10781D4C7E1A003B07E3 /* Null.storyboard in Resources */,
				255B5BBF1D46589B00B7E637 /* LaunchScreen.storyboard in Resources */,
				256E10721D4C7B59003B07E3 /* Message.storyboard in Resources */,
				25DF93771D570040001A559F /* OAuth.storyboard in Resources */,
				255B5BBC1D46589B00B7E637 /* Assets.xcassets in Resources */,
				251DC93D1D50BD8D00488BED /* QRCode.storyboard in Resources */,
				25305C7C1D75C144009325A3 /* Wellcom.storyboard in Resources */,
				256E10701D4C7B41003B07E3 /* Home.storyboard in Resources */,
				256E10761D4C7B7E003B07E3 /* Profile.storyboard in Resources */,
				2527E9191D7864A200819575 /* Newfeature.storyboard in Resources */,
				256E10741D4C7B6D003B07E3 /* Discover.storyboard in Resources */,
				256979DB1D4E33F300F78553 /* popover.storyboard in Resources */,
				256E107E1D4C81FD003B07E3 /* VisitorView.xib in Resources */,
			);
			runOnlyForDeploymentPostprocessing = 0;
		};
		255B5BC31D46589B00B7E637 /* Resources */ = {
			isa = PBXResourcesBuildPhase;
			buildActionMask = 2147483647;
			files = (
			);
			runOnlyForDeploymentPostprocessing = 0;
		};
		255B5BCE1D46589B00B7E637 /* Resources */ = {
			isa = PBXResourcesBuildPhase;
			buildActionMask = 2147483647;
			files = (
			);
			runOnlyForDeploymentPostprocessing = 0;
		};
/* End PBXResourcesBuildPhase section */

/* Begin PBXShellScriptBuildPhase section */
		577FFBD4708F7A326C8CD456 /* Copy Pods Resources */ = {
			isa = PBXShellScriptBuildPhase;
			buildActionMask = 2147483647;
			files = (
			);
			inputPaths = (
			);
			name = "Copy Pods Resources";
			outputPaths = (
			);
			runOnlyForDeploymentPostprocessing = 0;
			shellPath = /bin/sh;
			shellScript = "\"${SRCROOT}/Pods/Target Support Files/Pods/Pods-resources.sh\"\n";
			showEnvVarsInLog = 0;
		};
		67D3197B8AA15375E004A956 /* Check Pods Manifest.lock */ = {
			isa = PBXShellScriptBuildPhase;
			buildActionMask = 2147483647;
			files = (
			);
			inputPaths = (
			);
			name = "Check Pods Manifest.lock";
			outputPaths = (
			);
			runOnlyForDeploymentPostprocessing = 0;
			shellPath = /bin/sh;
			shellScript = "diff \"${PODS_ROOT}/../Podfile.lock\" \"${PODS_ROOT}/Manifest.lock\" > /dev/null\nif [[ $? != 0 ]] ; then\n    cat << EOM\nerror: The sandbox is not in sync with the Podfile.lock. Run 'pod install' or update your CocoaPods installation.\nEOM\n    exit 1\nfi\n";
			showEnvVarsInLog = 0;
		};
		ED4ADFFE8CA6E75B33894866 /* Embed Pods Frameworks */ = {
			isa = PBXShellScriptBuildPhase;
			buildActionMask = 2147483647;
			files = (
			);
			inputPaths = (
			);
			name = "Embed Pods Frameworks";
			outputPaths = (
			);
			runOnlyForDeploymentPostprocessing = 0;
			shellPath = /bin/sh;
			shellScript = "\"${SRCROOT}/Pods/Target Support Files/Pods/Pods-frameworks.sh\"\n";
			showEnvVarsInLog = 0;
		};
/* End PBXShellScriptBuildPhase section */

/* Begin PBXSourcesBuildPhase section */
		255B5BAD1D46589B00B7E637 /* Sources */ = {
			isa = PBXSourcesBuildPhase;
			buildActionMask = 2147483647;
			files = (
				256E107C1D4C81E9003B07E3 /* VisitorView.swift in Sources */,
				255B5D731D4789FD00B7E637 /* ProfileTableViewController.swift in Sources */,
				255B5D6D1D4789DC00B7E637 /* ComposeTableViewController.swift in Sources */,
				251DC93F1D50BF1200488BED /* QRCodeViewController.swift in Sources */,
				25301DC21D4F91E600A13446 /* CSPresentManager.swift in Sources */,
				25301DC01D4F7E3300A13446 /* PopvoerController.swift in Sources */,
				25C182051D54C97C00D3B2AF /* QRCodeCreateViewController.swift in Sources */,
				256979DD1D4E384B00F78553 /* CSPresentationController.swift in Sources */,
				256979D41D4DDFBD00F78553 /* Extension.swift in Sources */,
				256E107A1D4C802D003B07E3 /* BaseTableViewController.swift in Sources */,
				25305C7A1D75C124009325A3 /* WellcomViewController.swift in Sources */,
				2527E9401D7DA4B100819575 /* Status.swift in Sources */,
				250A42E51D47B79E0039B834 /* NullTableViewController.swift in Sources */,
				2527E9171D78648C00819575 /* NewfeatureViewController.swift in Sources */,
				255B5D6B1D4789BE00B7E637 /* HomeTableViewController.swift in Sources */,
				25DF93901D571CC7001A559F /* UserAccountModel.swift in Sources */,
				25DF93751D57001A001A559F /* OAuthViewController.swift in Sources */,
				25DF938E1D5709F3001A559F /* NetworkTool.swift in Sources */,
				255B5BB51D46589B00B7E637 /* AppDelegate.swift in Sources */,
				256E106C1D4A4465003B07E3 /* UIButton+Extension.swift in Sources */,
				255B5D6F1D4789E700B7E637 /* DiscoverTableViewController.swift in Sources */,
				255B5D711D4789F300B7E637 /* MessageTableViewController.swift in Sources */,
				256979D81D4DE3C000F78553 /* TitleButton.swift in Sources */,
				255B5D691D4789A600B7E637 /* MainViewController.swift in Sources */,
			);
			runOnlyForDeploymentPostprocessing = 0;
		};
		255B5BC11D46589B00B7E637 /* Sources */ = {
			isa = PBXSourcesBuildPhase;
			buildActionMask = 2147483647;
			files = (
				255B5BCA1D46589B00B7E637 /* WeiBoTests.swift in Sources */,
			);
			runOnlyForDeploymentPostprocessing = 0;
		};
		255B5BCC1D46589B00B7E637 /* Sources */ = {
			isa = PBXSourcesBuildPhase;
			buildActionMask = 2147483647;
			files = (
				255B5BD51D46589B00B7E637 /* WeiBoUITests.swift in Sources */,
			);
			runOnlyForDeploymentPostprocessing = 0;
		};
/* End PBXSourcesBuildPhase section */

/* Begin PBXTargetDependency section */
		255B5BC71D46589B00B7E637 /* PBXTargetDependency */ = {
			isa = PBXTargetDependency;
			target = 255B5BB01D46589B00B7E637 /* WeiBo */;
			targetProxy = 255B5BC61D46589B00B7E637 /* PBXContainerItemProxy */;
		};
		255B5BD21D46589B00B7E637 /* PBXTargetDependency */ = {
			isa = PBXTargetDependency;
			target = 255B5BB01D46589B00B7E637 /* WeiBo */;
			targetProxy = 255B5BD11D46589B00B7E637 /* PBXContainerItemProxy */;
		};
/* End PBXTargetDependency section */

/* Begin PBXVariantGroup section */
		255B5BBD1D46589B00B7E637 /* LaunchScreen.storyboard */ = {
			isa = PBXVariantGroup;
			children = (
				255B5BBE1D46589B00B7E637 /* Base */,
			);
			name = LaunchScreen.storyboard;
			sourceTree = "<group>";
		};
/* End PBXVariantGroup section */

/* Begin XCBuildConfiguration section */
		255B5BD71D46589B00B7E637 /* Debug */ = {
			isa = XCBuildConfiguration;
			buildSettings = {
				ALWAYS_SEARCH_USER_PATHS = NO;
				CLANG_CXX_LANGUAGE_STANDARD = "gnu++0x";
				CLANG_CXX_LIBRARY = "libc++";
				CLANG_ENABLE_MODULES = YES;
				CLANG_ENABLE_OBJC_ARC = YES;
				CLANG_WARN_BOOL_CONVERSION = YES;
				CLANG_WARN_CONSTANT_CONVERSION = YES;
				CLANG_WARN_DIRECT_OBJC_ISA_USAGE = YES_ERROR;
				CLANG_WARN_EMPTY_BODY = YES;
				CLANG_WARN_ENUM_CONVERSION = YES;
				CLANG_WARN_INT_CONVERSION = YES;
				CLANG_WARN_OBJC_ROOT_CLASS = YES_ERROR;
				CLANG_WARN_UNREACHABLE_CODE = YES;
				CLANG_WARN__DUPLICATE_METHOD_MATCH = YES;
				"CODE_SIGN_IDENTITY[sdk=iphoneos*]" = "iPhone Developer";
				COPY_PHASE_STRIP = NO;
				DEBUG_INFORMATION_FORMAT = dwarf;
				ENABLE_STRICT_OBJC_MSGSEND = YES;
				ENABLE_TESTABILITY = YES;
				GCC_C_LANGUAGE_STANDARD = gnu99;
				GCC_DYNAMIC_NO_PIC = NO;
				GCC_NO_COMMON_BLOCKS = YES;
				GCC_OPTIMIZATION_LEVEL = 0;
				GCC_PREPROCESSOR_DEFINITIONS = (
					"DEBUG=1",
					"$(inherited)",
				);
				GCC_WARN_64_TO_32_BIT_CONVERSION = YES;
				GCC_WARN_ABOUT_RETURN_TYPE = YES_ERROR;
				GCC_WARN_UNDECLARED_SELECTOR = YES;
				GCC_WARN_UNINITIALIZED_AUTOS = YES_AGGRESSIVE;
				GCC_WARN_UNUSED_FUNCTION = YES;
				GCC_WARN_UNUSED_VARIABLE = YES;
				IPHONEOS_DEPLOYMENT_TARGET = 9.2;
				MTL_ENABLE_DEBUG_INFO = YES;
				ONLY_ACTIVE_ARCH = YES;
				SDKROOT = iphoneos;
				SWIFT_OPTIMIZATION_LEVEL = "-Onone";
			};
			name = Debug;
		};
		255B5BD81D46589B00B7E637 /* Release */ = {
			isa = XCBuildConfiguration;
			buildSettings = {
				ALWAYS_SEARCH_USER_PATHS = NO;
				CLANG_CXX_LANGUAGE_STANDARD = "gnu++0x";
				CLANG_CXX_LIBRARY = "libc++";
				CLANG_ENABLE_MODULES = YES;
				CLANG_ENABLE_OBJC_ARC = YES;
				CLANG_WARN_BOOL_CONVERSION = YES;
				CLANG_WARN_CONSTANT_CONVERSION = YES;
				CLANG_WARN_DIRECT_OBJC_ISA_USAGE = YES_ERROR;
				CLANG_WARN_EMPTY_BODY = YES;
				CLANG_WARN_ENUM_CONVERSION = YES;
				CLANG_WARN_INT_CONVERSION = YES;
				CLANG_WARN_OBJC_ROOT_CLASS = YES_ERROR;
				CLANG_WARN_UNREACHABLE_CODE = YES;
				CLANG_WARN__DUPLICATE_METHOD_MATCH = YES;
				"CODE_SIGN_IDENTITY[sdk=iphoneos*]" = "iPhone Developer";
				COPY_PHASE_STRIP = NO;
				DEBUG_INFORMATION_FORMAT = "dwarf-with-dsym";
				ENABLE_NS_ASSERTIONS = NO;
				ENABLE_STRICT_OBJC_MSGSEND = YES;
				GCC_C_LANGUAGE_STANDARD = gnu99;
				GCC_NO_COMMON_BLOCKS = YES;
				GCC_WARN_64_TO_32_BIT_CONVERSION = YES;
				GCC_WARN_ABOUT_RETURN_TYPE = YES_ERROR;
				GCC_WARN_UNDECLARED_SELECTOR = YES;
				GCC_WARN_UNINITIALIZED_AUTOS = YES_AGGRESSIVE;
				GCC_WARN_UNUSED_FUNCTION = YES;
				GCC_WARN_UNUSED_VARIABLE = YES;
				IPHONEOS_DEPLOYMENT_TARGET = 9.2;
				MTL_ENABLE_DEBUG_INFO = NO;
				SDKROOT = iphoneos;
				VALIDATE_PRODUCT = YES;
			};
			name = Release;
		};
		255B5BDA1D46589B00B7E637 /* Debug */ = {
			isa = XCBuildConfiguration;
			baseConfigurationReference = CC7B5FF4FC96C183AC61BDDF /* Pods.debug.xcconfig */;
			buildSettings = {
				ASSETCATALOG_COMPILER_APPICON_NAME = AppIcon;
				ASSETCATALOG_COMPILER_LAUNCHIMAGE_NAME = "Brand Assets";
				CODE_SIGN_IDENTITY = "iPhone Developer";
				FRAMEWORK_SEARCH_PATHS = (
					"$(inherited)",
					"$(PROJECT_DIR)/WeiBo/Classes",
				);
				INFOPLIST_FILE = WeiBo/Info.plist;
				LD_RUNPATH_SEARCH_PATHS = "$(inherited) @executable_path/Frameworks";
				OTHER_LDFLAGS = (
					"-ObjC",
					"-framework",
					Reveal,
					"$(inherited)",
				);
				OTHER_SWIFT_FLAGS = "-D DEBUG $(inherited)";
				PRODUCT_BUNDLE_IDENTIFIER = com.sdd.WeiBo;
				PRODUCT_NAME = "$(TARGET_NAME)";
			};
			name = Debug;
		};
		255B5BDB1D46589B00B7E637 /* Release */ = {
			isa = XCBuildConfiguration;
			baseConfigurationReference = 2DED9F409B705552C8D11DC2 /* Pods.release.xcconfig */;
			buildSettings = {
				ASSETCATALOG_COMPILER_APPICON_NAME = AppIcon;
				ASSETCATALOG_COMPILER_LAUNCHIMAGE_NAME = "Brand Assets";
				CODE_SIGN_IDENTITY = "iPhone Developer";
				FRAMEWORK_SEARCH_PATHS = (
					"$(inherited)",
					"$(PROJECT_DIR)/WeiBo/Classes",
				);
				INFOPLIST_FILE = WeiBo/Info.plist;
				LD_RUNPATH_SEARCH_PATHS = "$(inherited) @executable_path/Frameworks";
				OTHER_LDFLAGS = (
					"-ObjC",
					"-framework",
					Reveal,
					"$(inherited)",
				);
				PRODUCT_BUNDLE_IDENTIFIER = com.sdd.WeiBo;
				PRODUCT_NAME = "$(TARGET_NAME)";
			};
			name = Release;
		};
		255B5BDD1D46589B00B7E637 /* Debug */ = {
			isa = XCBuildConfiguration;
			buildSettings = {
				BUNDLE_LOADER = "$(TEST_HOST)";
				INFOPLIST_FILE = WeiBoTests/Info.plist;
				LD_RUNPATH_SEARCH_PATHS = "$(inherited) @executable_path/Frameworks @loader_path/Frameworks";
				PRODUCT_BUNDLE_IDENTIFIER = com.sdd.WeiBoTests;
				PRODUCT_NAME = "$(TARGET_NAME)";
				TEST_HOST = "$(BUILT_PRODUCTS_DIR)/WeiBo.app/WeiBo";
			};
			name = Debug;
		};
		255B5BDE1D46589B00B7E637 /* Release */ = {
			isa = XCBuildConfiguration;
			buildSettings = {
				BUNDLE_LOADER = "$(TEST_HOST)";
				INFOPLIST_FILE = WeiBoTests/Info.plist;
				LD_RUNPATH_SEARCH_PATHS = "$(inherited) @executable_path/Frameworks @loader_path/Frameworks";
				PRODUCT_BUNDLE_IDENTIFIER = com.sdd.WeiBoTests;
				PRODUCT_NAME = "$(TARGET_NAME)";
				TEST_HOST = "$(BUILT_PRODUCTS_DIR)/WeiBo.app/WeiBo";
			};
			name = Release;
		};
		255B5BE01D46589B00B7E637 /* Debug */ = {
			isa = XCBuildConfiguration;
			buildSettings = {
				INFOPLIST_FILE = WeiBoUITests/Info.plist;
				LD_RUNPATH_SEARCH_PATHS = "$(inherited) @executable_path/Frameworks @loader_path/Frameworks";
				PRODUCT_BUNDLE_IDENTIFIER = com.sdd.WeiBoUITests;
				PRODUCT_NAME = "$(TARGET_NAME)";
				TEST_TARGET_NAME = WeiBo;
				USES_XCTRUNNER = YES;
			};
			name = Debug;
		};
		255B5BE11D46589B00B7E637 /* Release */ = {
			isa = XCBuildConfiguration;
			buildSettings = {
				INFOPLIST_FILE = WeiBoUITests/Info.plist;
				LD_RUNPATH_SEARCH_PATHS = "$(inherited) @executable_path/Frameworks @loader_path/Frameworks";
				PRODUCT_BUNDLE_IDENTIFIER = com.sdd.WeiBoUITests;
				PRODUCT_NAME = "$(TARGET_NAME)";
				TEST_TARGET_NAME = WeiBo;
				USES_XCTRUNNER = YES;
			};
			name = Release;
		};
/* End XCBuildConfiguration section */

/* Begin XCConfigurationList section */
		255B5BAC1D46589B00B7E637 /* Build configuration list for PBXProject "WeiBo" */ = {
			isa = XCConfigurationList;
			buildConfigurations = (
				255B5BD71D46589B00B7E637 /* Debug */,
				255B5BD81D46589B00B7E637 /* Release */,
			);
			defaultConfigurationIsVisible = 0;
			defaultConfigurationName = Release;
		};
		255B5BD91D46589B00B7E637 /* Build configuration list for PBXNativeTarget "WeiBo" */ = {
			isa = XCConfigurationList;
			buildConfigurations = (
				255B5BDA1D46589B00B7E637 /* Debug */,
				255B5BDB1D46589B00B7E637 /* Release */,
			);
			defaultConfigurationIsVisible = 0;
			defaultConfigurationName = Release;
		};
		255B5BDC1D46589B00B7E637 /* Build configuration list for PBXNativeTarget "WeiBoTests" */ = {
			isa = XCConfigurationList;
			buildConfigurations = (
				255B5BDD1D46589B00B7E637 /* Debug */,
				255B5BDE1D46589B00B7E637 /* Release */,
			);
			defaultConfigurationIsVisible = 0;
			defaultConfigurationName = Release;
		};
		255B5BDF1D46589B00B7E637 /* Build configuration list for PBXNativeTarget "WeiBoUITests" */ = {
			isa = XCConfigurationList;
			buildConfigurations = (
				255B5BE01D46589B00B7E637 /* Debug */,
				255B5BE11D46589B00B7E637 /* Release */,
			);
			defaultConfigurationIsVisible = 0;
			defaultConfigurationName = Release;
		};
/* End XCConfigurationList section */
	};
	rootObject = 255B5BA91D46589B00B7E637 /* Project object */;
}
